PODS:
  - OpenSSL-Universal (1.0.2.19):
    - OpenSSL-Universal/Static (= 1.0.2.19)
  - OpenSSL-Universal/Static (1.0.2.19)

DEPENDENCIES:
  - OpenSSL-Universal (from `../Vendor/OpenSSL-Universal`)

EXTERNAL SOURCES:
  OpenSSL-Universal:
    :path: "../Vendor/OpenSSL-Universal"

SPEC CHECKSUMS:
  OpenSSL-Universal: 8b48cc0d10c1b2923617dfe5c178aa9ed2689355

PODFILE CHECKSUM: 9ff17a8eb4d16e435b785fae27b7a2b4feb9a3cd

COCOAPODS: 1.9.1
