PODS:
  - OpenSSL-Universal (1.0.2.19):
    - OpenSSL-Universal/Static (= 1.0.2.19)
  - OpenSSL-Universal/Static (1.0.2.19)

DEPENDENCIES:
  - OpenSSL-Universal (from `/Users/max/dev/tiberiu/crvshlab-OpenSSL`)

EXTERNAL SOURCES:
  OpenSSL-Universal:
    :path: "/Users/max/dev/tiberiu/crvshlab-OpenSSL"

SPEC CHECKSUMS:
  OpenSSL-Universal: 8b48cc0d10c1b2923617dfe5c178aa9ed2689355

PODFILE CHECKSUM: 54be5504d058c0d49c37361d2bc24a823eeec182

COCOAPODS: 1.9.1
