// !$*UTF8*$!
{
	archiveVersion = 1;
	classes = {
	};
	objectVersion = 50;
	objects = {

/* Begin PBXGroup section */
		50A3AEE923D32DBF0000ADB3 = {
			isa = PBXGroup;
			children = (
			);
			sourceTree = "<group>";
		};
/* End PBXGroup section */

/* Begin PBXProject section */
		50A3AEEA23D32DBF0000ADB3 /* Project object */ = {
			isa = PBXProject;
			attributes = {
				LastUpgradeCheck = 1130;
			};
			buildConfigurationList = 50A3AEED23D32DBF0000ADB3 /* Build configuration list for PBXProject "openssl-win" */;
			compatibilityVersion = "Xcode 9.3";
			developmentRegion = en;
			hasScannedForEncodings = 0;
			knownRegions = (
				en,
				Base,
			);
			mainGroup = 50A3AEE923D32DBF0000ADB3;
			projectDirPath = "";
			projectRoot = "";
			targets = (
			);
		};
/* End PBXProject section */

/* Begin XCBuildConfiguration section */
		50A3AEEE23D32DBF0000ADB3 /* Debug */ = {
			isa = XCBuildConfiguration;
			buildSettings = {
			};
			name = Debug;
		};
		50A3AEEF23D32DBF0000ADB3 /* Release */ = {
			isa = XCBuildConfiguration;
			buildSettings = {
			};
			name = Release;
		};
/* End XCBuildConfiguration section */

/* Begin XCConfigurationList section */
		50A3AEED23D32DBF0000ADB3 /* Build configuration list for PBXProject "openssl-win" */ = {
			isa = XCConfigurationList;
			buildConfigurations = (
				50A3AEEE23D32DBF0000ADB3 /* Debug */,
				50A3AEEF23D32DBF0000ADB3 /* Release */,
			);
			defaultConfigurationIsVisible = 0;
			defaultConfigurationName = Release;
		};
/* End XCConfigurationList section */
	};
	rootObject = 50A3AEEA23D32DBF0000ADB3 /* Project object */;
}
