// !$*UTF8*$!
{
	archiveVersion = 1;
	classes = {
	};
	objectVersion = 50;
	objects = {

/* Begin PBXBuildFile section */
		18F934B327D18FFA19FC7ED1 /* libPods-ANXOpenSSL-iOS.a in Frameworks */ = {isa = PBXBuildFile; fileRef = 73938F45A50997871E05061D /* libPods-ANXOpenSSL-iOS.a */; };
		3D29DF9803DB3FB191CCABB8 /* Pods_ANXOpenSSLTest.framework in Frameworks */ = {isa = PBXBuildFile; fileRef = CA8487252132414FD455D44D /* Pods_ANXOpenSSLTest.framework */; };
		50164F37240EA27200EE7AE4 /* ANXOpenSSL+HEX.h in Headers */ = {isa = PBXBuildFile; fileRef = 50164F35240EA27200EE7AE4 /* ANXOpenSSL+HEX.h */; };
		50164F38240EA27200EE7AE4 /* ANXOpenSSL+HEX.m in Sources */ = {isa = PBXBuildFile; fileRef = 50164F36240EA27200EE7AE4 /* ANXOpenSSL+HEX.m */; };
		50164F39240EA27200EE7AE4 /* ANXOpenSSL+HEX.m in Sources */ = {isa = PBXBuildFile; fileRef = 50164F36240EA27200EE7AE4 /* ANXOpenSSL+HEX.m */; };
		50164F3F24103C1600EE7AE4 /* BytesGenerator.m in Sources */ = {isa = PBXBuildFile; fileRef = 50164F3E24103C1600EE7AE4 /* BytesGenerator.m */; };
		502194CF24A228F900DBDC50 /* ANXOpenSSLMain.cpp in Sources */ = {isa = PBXBuildFile; fileRef = 502194CD24A228F900DBDC50 /* ANXOpenSSLMain.cpp */; };
		502194D024A228F900DBDC50 /* ANXOpenSSLMain.cpp in Sources */ = {isa = PBXBuildFile; fileRef = 502194CD24A228F900DBDC50 /* ANXOpenSSLMain.cpp */; };
		502194D124A228F900DBDC50 /* ANXOpenSSLMain.h in Headers */ = {isa = PBXBuildFile; fileRef = 502194CE24A228F900DBDC50 /* ANXOpenSSLMain.h */; };
		502194D724A2294D00DBDC50 /* Utils.h in Headers */ = {isa = PBXBuildFile; fileRef = 502194D324A2294C00DBDC50 /* Utils.h */; };
		502194D824A2294D00DBDC50 /* Utils.cpp in Sources */ = {isa = PBXBuildFile; fileRef = 502194D424A2294C00DBDC50 /* Utils.cpp */; };
		502194D924A2294D00DBDC50 /* Utils.cpp in Sources */ = {isa = PBXBuildFile; fileRef = 502194D424A2294C00DBDC50 /* Utils.cpp */; };
		502194DA24A2294D00DBDC50 /* RSACrypt.h in Headers */ = {isa = PBXBuildFile; fileRef = 502194D524A2294D00DBDC50 /* RSACrypt.h */; };
		502194DB24A2294D00DBDC50 /* RSACrypt.cpp in Sources */ = {isa = PBXBuildFile; fileRef = 502194D624A2294D00DBDC50 /* RSACrypt.cpp */; };
		502194DC24A2294D00DBDC50 /* RSACrypt.cpp in Sources */ = {isa = PBXBuildFile; fileRef = 502194D624A2294D00DBDC50 /* RSACrypt.cpp */; };
		502194DF24A3309F00DBDC50 /* AESCrypt.cpp in Sources */ = {isa = PBXBuildFile; fileRef = 502194DD24A3309F00DBDC50 /* AESCrypt.cpp */; };
		502194E024A3309F00DBDC50 /* AESCrypt.cpp in Sources */ = {isa = PBXBuildFile; fileRef = 502194DD24A3309F00DBDC50 /* AESCrypt.cpp */; };
		502194E124A3309F00DBDC50 /* AESCrypt.h in Headers */ = {isa = PBXBuildFile; fileRef = 502194DE24A3309F00DBDC50 /* AESCrypt.h */; };
		5087A4402395A032006C153D /* ANXOpenSSLFacade.h in Headers */ = {isa = PBXBuildFile; fileRef = 5087A43D2395A031006C153D /* ANXOpenSSLFacade.h */; };
		5087A4412395A032006C153D /* ANXOpenSSLFacade.m in Sources */ = {isa = PBXBuildFile; fileRef = 5087A43E2395A031006C153D /* ANXOpenSSLFacade.m */; };
		5087A4422395A032006C153D /* ANXOpenSSLFacade.m in Sources */ = {isa = PBXBuildFile; fileRef = 5087A43E2395A031006C153D /* ANXOpenSSLFacade.m */; };
		5087A4432395A032006C153D /* ANXOpenSSL.m in Sources */ = {isa = PBXBuildFile; fileRef = 5087A43F2395A031006C153D /* ANXOpenSSL.m */; };
		5087A4442395A032006C153D /* ANXOpenSSL.m in Sources */ = {isa = PBXBuildFile; fileRef = 5087A43F2395A031006C153D /* ANXOpenSSL.m */; };
		5087A44A2396737E006C153D /* ANXOpenSSL.h in Headers */ = {isa = PBXBuildFile; fileRef = 5087A4452395A045006C153D /* ANXOpenSSL.h */; };
		5087A4532396E377006C153D /* Adobe AIR.framework in Frameworks */ = {isa = PBXBuildFile; fileRef = 5087A4522396E377006C153D /* Adobe AIR.framework */; };
		5087A4552396E38C006C153D /* Cocoa.framework in Frameworks */ = {isa = PBXBuildFile; fileRef = 5087A4542396E38C006C153D /* Cocoa.framework */; };
		5087A4572396E3B4006C153D /* Adobe AIR_64 in Frameworks */ = {isa = PBXBuildFile; fileRef = 5087A4562396E3B4006C153D /* Adobe AIR_64 */; };
		5087A45C2396F5D9006C153D /* ANXOpenSSLConversionRoutines.h in Headers */ = {isa = PBXBuildFile; fileRef = 5087A45A2396F5D9006C153D /* ANXOpenSSLConversionRoutines.h */; };
		5087A45D2396F5D9006C153D /* ANXOpenSSLConversionRoutines.m in Sources */ = {isa = PBXBuildFile; fileRef = 5087A45B2396F5D9006C153D /* ANXOpenSSLConversionRoutines.m */; };
		5087A45E2396F5D9006C153D /* ANXOpenSSLConversionRoutines.m in Sources */ = {isa = PBXBuildFile; fileRef = 5087A45B2396F5D9006C153D /* ANXOpenSSLConversionRoutines.m */; };
		5087A45F2396FA29006C153D /* Pods_ANXOpenSSL_macOS.framework in Frameworks */ = {isa = PBXBuildFile; fileRef = 703FC9B4F7B60F03CDD63932 /* Pods_ANXOpenSSL_macOS.framework */; };
		5087A4602396FA2A006C153D /* Pods_ANXOpenSSL_macOS.framework in Embed Frameworks */ = {isa = PBXBuildFile; fileRef = 703FC9B4F7B60F03CDD63932 /* Pods_ANXOpenSSL_macOS.framework */; settings = {ATTRIBUTES = (CodeSignOnCopy, RemoveHeadersOnCopy, ); }; };
		5087A46A2397C3D8006C153D /* AppDelegate.m in Sources */ = {isa = PBXBuildFile; fileRef = 5087A4692397C3D8006C153D /* AppDelegate.m */; };
		5087A46D2397C3D8006C153D /* ViewController.m in Sources */ = {isa = PBXBuildFile; fileRef = 5087A46C2397C3D8006C153D /* ViewController.m */; };
		5087A46F2397C3DB006C153D /* Assets.xcassets in Resources */ = {isa = PBXBuildFile; fileRef = 5087A46E2397C3DB006C153D /* Assets.xcassets */; };
		5087A4722397C3DB006C153D /* Main.storyboard in Resources */ = {isa = PBXBuildFile; fileRef = 5087A4702397C3DB006C153D /* Main.storyboard */; };
		5087A4752397C3DB006C153D /* main.m in Sources */ = {isa = PBXBuildFile; fileRef = 5087A4742397C3DB006C153D /* main.m */; };
		5087A47F2397C461006C153D /* ANXOpenSSL.m in Sources */ = {isa = PBXBuildFile; fileRef = 5087A43F2395A031006C153D /* ANXOpenSSL.m */; };
		5087A4822397C5D3006C153D /* TestRSA.m in Sources */ = {isa = PBXBuildFile; fileRef = 5087A4812397C5D3006C153D /* TestRSA.m */; };
		5087A48523980CDF006C153D /* ANXOpenSSLUtils.c in Sources */ = {isa = PBXBuildFile; fileRef = 5087A48423980CDF006C153D /* ANXOpenSSLUtils.c */; };
		5087A48623980D95006C153D /* ANXOpenSSLUtils.c in Sources */ = {isa = PBXBuildFile; fileRef = 5087A48423980CDF006C153D /* ANXOpenSSLUtils.c */; };
		5087A48723980D95006C153D /* ANXOpenSSLUtils.c in Sources */ = {isa = PBXBuildFile; fileRef = 5087A48423980CDF006C153D /* ANXOpenSSLUtils.c */; };
		5087A48A2398E992006C153D /* ANXOpenSSL+RSA.h in Headers */ = {isa = PBXBuildFile; fileRef = 5087A4882398E992006C153D /* ANXOpenSSL+RSA.h */; };
		5087A48B2398E992006C153D /* ANXOpenSSL+RSA.m in Sources */ = {isa = PBXBuildFile; fileRef = 5087A4892398E992006C153D /* ANXOpenSSL+RSA.m */; };
		5087A48C2398E992006C153D /* ANXOpenSSL+RSA.m in Sources */ = {isa = PBXBuildFile; fileRef = 5087A4892398E992006C153D /* ANXOpenSSL+RSA.m */; };
		5087A48F23993396006C153D /* ANXOpenSSLDefer.h in Headers */ = {isa = PBXBuildFile; fileRef = 5087A48D23993396006C153D /* ANXOpenSSLDefer.h */; };
		5087A49023993396006C153D /* ANXOpenSSLDefer.m in Sources */ = {isa = PBXBuildFile; fileRef = 5087A48E23993396006C153D /* ANXOpenSSLDefer.m */; };
		5087A49123993396006C153D /* ANXOpenSSLDefer.m in Sources */ = {isa = PBXBuildFile; fileRef = 5087A48E23993396006C153D /* ANXOpenSSLDefer.m */; };
		5087A49223993396006C153D /* ANXOpenSSLDefer.m in Sources */ = {isa = PBXBuildFile; fileRef = 5087A48E23993396006C153D /* ANXOpenSSLDefer.m */; };
		5087A49523997A2A006C153D /* ANXOpenSSL+Base64.h in Headers */ = {isa = PBXBuildFile; fileRef = 5087A49323997A2A006C153D /* ANXOpenSSL+Base64.h */; };
		5087A49623997A2A006C153D /* ANXOpenSSL+Base64.m in Sources */ = {isa = PBXBuildFile; fileRef = 5087A49423997A2A006C153D /* ANXOpenSSL+Base64.m */; };
		5087A49723997A2A006C153D /* ANXOpenSSL+Base64.m in Sources */ = {isa = PBXBuildFile; fileRef = 5087A49423997A2A006C153D /* ANXOpenSSL+Base64.m */; };
		5087A49B239ACC3F006C153D /* TestBase64.m in Sources */ = {isa = PBXBuildFile; fileRef = 5087A49A239ACC3F006C153D /* TestBase64.m */; };
		509BBE9C23CDBC110001B352 /* TestAES.m in Sources */ = {isa = PBXBuildFile; fileRef = 509BBE9B23CDBC110001B352 /* TestAES.m */; };
		509BED7D2411558A00F77731 /* airext_hex.h in Headers */ = {isa = PBXBuildFile; fileRef = 509BED7B2411558A00F77731 /* airext_hex.h */; };
		509BED7E2411558A00F77731 /* airext_hex.c in Sources */ = {isa = PBXBuildFile; fileRef = 509BED7C2411558A00F77731 /* airext_hex.c */; };
		509BED7F2411558A00F77731 /* airext_hex.c in Sources */ = {isa = PBXBuildFile; fileRef = 509BED7C2411558A00F77731 /* airext_hex.c */; };
		509BED802411558A00F77731 /* airext_hex.c in Sources */ = {isa = PBXBuildFile; fileRef = 509BED7C2411558A00F77731 /* airext_hex.c */; };
		50A3AEC023CE63D10000ADB3 /* ANXOpenSSL+AES.h in Headers */ = {isa = PBXBuildFile; fileRef = 50A3AEBE23CE63D10000ADB3 /* ANXOpenSSL+AES.h */; };
		50A3AEC123CE63D10000ADB3 /* ANXOpenSSL+AES.m in Sources */ = {isa = PBXBuildFile; fileRef = 50A3AEBF23CE63D10000ADB3 /* ANXOpenSSL+AES.m */; };
		50A3AEC223CE63D10000ADB3 /* ANXOpenSSL+AES.m in Sources */ = {isa = PBXBuildFile; fileRef = 50A3AEBF23CE63D10000ADB3 /* ANXOpenSSL+AES.m */; };
		50A3AECE23D1CBC70000ADB3 /* TestVerify.m in Sources */ = {isa = PBXBuildFile; fileRef = 50A3AECD23D1CBC70000ADB3 /* TestVerify.m */; };
		50AE174723D493F30096E9C1 /* ANXOpenSSL+SHA.h in Headers */ = {isa = PBXBuildFile; fileRef = 50AE174523D493F30096E9C1 /* ANXOpenSSL+SHA.h */; };
		50AE174823D493F30096E9C1 /* ANXOpenSSL+SHA.m in Sources */ = {isa = PBXBuildFile; fileRef = 50AE174623D493F30096E9C1 /* ANXOpenSSL+SHA.m */; };
		50AE174923D493F30096E9C1 /* ANXOpenSSL+SHA.m in Sources */ = {isa = PBXBuildFile; fileRef = 50AE174623D493F30096E9C1 /* ANXOpenSSL+SHA.m */; };
		50AE174C23D4975E0096E9C1 /* TestSHA.m in Sources */ = {isa = PBXBuildFile; fileRef = 50AE174B23D4975E0096E9C1 /* TestSHA.m */; };
		50AE175223D777DD0096E9C1 /* TestHMAC.m in Sources */ = {isa = PBXBuildFile; fileRef = 50AE175123D777DD0096E9C1 /* TestHMAC.m */; };
		50AE175523D783DD0096E9C1 /* ANXOpenSSL+HMAC.h in Headers */ = {isa = PBXBuildFile; fileRef = 50AE175323D783DD0096E9C1 /* ANXOpenSSL+HMAC.h */; };
		50AE175623D783DD0096E9C1 /* ANXOpenSSL+HMAC.m in Sources */ = {isa = PBXBuildFile; fileRef = 50AE175423D783DD0096E9C1 /* ANXOpenSSL+HMAC.m */; };
		50AE175723D783DD0096E9C1 /* ANXOpenSSL+HMAC.m in Sources */ = {isa = PBXBuildFile; fileRef = 50AE175423D783DD0096E9C1 /* ANXOpenSSL+HMAC.m */; };
		50F3F295239D8D400077D3DC /* TestHex.m in Sources */ = {isa = PBXBuildFile; fileRef = 50F3F294239D8D400077D3DC /* TestHex.m */; };
/* End PBXBuildFile section */

/* Begin PBXCopyFilesBuildPhase section */
		5087A40823958483006C153D /* CopyFiles */ = {
			isa = PBXCopyFilesBuildPhase;
			buildActionMask = 2147483647;
			dstPath = "include/$(PRODUCT_NAME)";
			dstSubfolderSpec = 16;
			files = (
			);
			runOnlyForDeploymentPostprocessing = 0;
		};
		5087A4612396FA2A006C153D /* Embed Frameworks */ = {
			isa = PBXCopyFilesBuildPhase;
			buildActionMask = 2147483647;
			dstPath = "";
			dstSubfolderSpec = 10;
			files = (
				5087A4602396FA2A006C153D /* Pods_ANXOpenSSL_macOS.framework in Embed Frameworks */,
			);
			name = "Embed Frameworks";
			runOnlyForDeploymentPostprocessing = 0;
		};
/* End PBXCopyFilesBuildPhase section */

/* Begin PBXFileReference section */
		2E503A764F5735636B3A6F76 /* Pods-ANXOpenSSL-iOS.release.xcconfig */ = {isa = PBXFileReference; includeInIndex = 1; lastKnownFileType = text.xcconfig; name = "Pods-ANXOpenSSL-iOS.release.xcconfig"; path = "Target Support Files/Pods-ANXOpenSSL-iOS/Pods-ANXOpenSSL-iOS.release.xcconfig"; sourceTree = "<group>"; };
		36ACEFF7DF1C36863F772D47 /* Pods-ANXOpenSSL-macOS.release.xcconfig */ = {isa = PBXFileReference; includeInIndex = 1; lastKnownFileType = text.xcconfig; name = "Pods-ANXOpenSSL-macOS.release.xcconfig"; path = "Target Support Files/Pods-ANXOpenSSL-macOS/Pods-ANXOpenSSL-macOS.release.xcconfig"; sourceTree = "<group>"; };
		50164F35240EA27200EE7AE4 /* ANXOpenSSL+HEX.h */ = {isa = PBXFileReference; lastKnownFileType = sourcecode.c.h; path = "ANXOpenSSL+HEX.h"; sourceTree = "<group>"; };
		50164F36240EA27200EE7AE4 /* ANXOpenSSL+HEX.m */ = {isa = PBXFileReference; lastKnownFileType = sourcecode.c.objc; path = "ANXOpenSSL+HEX.m"; sourceTree = "<group>"; };
		50164F3A24103A0C00EE7AE4 /* TestData.h */ = {isa = PBXFileReference; lastKnownFileType = sourcecode.c.h; path = TestData.h; sourceTree = "<group>"; };
		50164F3D24103C1600EE7AE4 /* BytesGenerator.h */ = {isa = PBXFileReference; lastKnownFileType = sourcecode.c.h; path = BytesGenerator.h; sourceTree = "<group>"; };
		50164F3E24103C1600EE7AE4 /* BytesGenerator.m */ = {isa = PBXFileReference; lastKnownFileType = sourcecode.c.objc; path = BytesGenerator.m; sourceTree = "<group>"; };
		502194CD24A228F900DBDC50 /* ANXOpenSSLMain.cpp */ = {isa = PBXFileReference; lastKnownFileType = sourcecode.cpp.cpp; path = ANXOpenSSLMain.cpp; sourceTree = "<group>"; };
		502194CE24A228F900DBDC50 /* ANXOpenSSLMain.h */ = {isa = PBXFileReference; lastKnownFileType = sourcecode.c.h; path = ANXOpenSSLMain.h; sourceTree = "<group>"; };
		502194D324A2294C00DBDC50 /* Utils.h */ = {isa = PBXFileReference; fileEncoding = 4; lastKnownFileType = sourcecode.c.h; path = Utils.h; sourceTree = "<group>"; };
		502194D424A2294C00DBDC50 /* Utils.cpp */ = {isa = PBXFileReference; fileEncoding = 4; lastKnownFileType = sourcecode.cpp.cpp; path = Utils.cpp; sourceTree = "<group>"; };
		502194D524A2294D00DBDC50 /* RSACrypt.h */ = {isa = PBXFileReference; fileEncoding = 4; lastKnownFileType = sourcecode.c.h; path = RSACrypt.h; sourceTree = "<group>"; };
		502194D624A2294D00DBDC50 /* RSACrypt.cpp */ = {isa = PBXFileReference; fileEncoding = 4; lastKnownFileType = sourcecode.cpp.cpp; path = RSACrypt.cpp; sourceTree = "<group>"; };
		502194DD24A3309F00DBDC50 /* AESCrypt.cpp */ = {isa = PBXFileReference; fileEncoding = 4; lastKnownFileType = sourcecode.cpp.cpp; path = AESCrypt.cpp; sourceTree = "<group>"; };
		502194DE24A3309F00DBDC50 /* AESCrypt.h */ = {isa = PBXFileReference; fileEncoding = 4; lastKnownFileType = sourcecode.c.h; path = AESCrypt.h; sourceTree = "<group>"; };
		505EB2242403E4230044335E /* data.bin.h */ = {isa = PBXFileReference; fileEncoding = 4; lastKnownFileType = sourcecode.c.h; path = data.bin.h; sourceTree = "<group>"; };
		5087A40A23958483006C153D /* libANXOpenSSL.a */ = {isa = PBXFileReference; explicitFileType = archive.ar; includeInIndex = 0; path = libANXOpenSSL.a; sourceTree = BUILT_PRODUCTS_DIR; };
		5087A43223959CBB006C153D /* ANXOpenSSL.framework */ = {isa = PBXFileReference; explicitFileType = wrapper.framework; includeInIndex = 0; path = ANXOpenSSL.framework; sourceTree = BUILT_PRODUCTS_DIR; };
		5087A43523959CBB006C153D /* Info.plist */ = {isa = PBXFileReference; lastKnownFileType = text.plist.xml; path = Info.plist; sourceTree = "<group>"; };
		5087A43D2395A031006C153D /* ANXOpenSSLFacade.h */ = {isa = PBXFileReference; fileEncoding = 4; lastKnownFileType = sourcecode.c.h; path = ANXOpenSSLFacade.h; sourceTree = "<group>"; };
		5087A43E2395A031006C153D /* ANXOpenSSLFacade.m */ = {isa = PBXFileReference; fileEncoding = 4; lastKnownFileType = sourcecode.c.objc; path = ANXOpenSSLFacade.m; sourceTree = "<group>"; };
		5087A43F2395A031006C153D /* ANXOpenSSL.m */ = {isa = PBXFileReference; fileEncoding = 4; lastKnownFileType = sourcecode.c.objc; path = ANXOpenSSL.m; sourceTree = "<group>"; };
		5087A4452395A045006C153D /* ANXOpenSSL.h */ = {isa = PBXFileReference; lastKnownFileType = sourcecode.c.h; path = ANXOpenSSL.h; sourceTree = "<group>"; };
		5087A4462395A0E8006C153D /* FlashRuntimeExtensions.h */ = {isa = PBXFileReference; lastKnownFileType = sourcecode.c.h; name = FlashRuntimeExtensions.h; path = "ANXOpenSSL-iOS/FlashRuntimeExtensions.h"; sourceTree = SOURCE_ROOT; };
		5087A4522396E377006C153D /* Adobe AIR.framework */ = {isa = PBXFileReference; lastKnownFileType = wrapper.framework; path = "Adobe AIR.framework"; sourceTree = "<group>"; };
		5087A4542396E38C006C153D /* Cocoa.framework */ = {isa = PBXFileReference; lastKnownFileType = wrapper.framework; name = Cocoa.framework; path = System/Library/Frameworks/Cocoa.framework; sourceTree = SDKROOT; };
		5087A4562396E3B4006C153D /* Adobe AIR_64 */ = {isa = PBXFileReference; lastKnownFileType = "compiled.mach-o.dylib"; name = "Adobe AIR_64"; path = "ANXOpenSSL-macOS/Adobe AIR.framework/Versions/1.0/Adobe AIR_64"; sourceTree = "<group>"; };
		5087A45A2396F5D9006C153D /* ANXOpenSSLConversionRoutines.h */ = {isa = PBXFileReference; lastKnownFileType = sourcecode.c.h; path = ANXOpenSSLConversionRoutines.h; sourceTree = "<group>"; };
		5087A45B2396F5D9006C153D /* ANXOpenSSLConversionRoutines.m */ = {isa = PBXFileReference; lastKnownFileType = sourcecode.c.objc; path = ANXOpenSSLConversionRoutines.m; sourceTree = "<group>"; };
		5087A4662397C3D8006C153D /* ANXOpenSSLTest.app */ = {isa = PBXFileReference; explicitFileType = wrapper.application; includeInIndex = 0; path = ANXOpenSSLTest.app; sourceTree = BUILT_PRODUCTS_DIR; };
		5087A4682397C3D8006C153D /* AppDelegate.h */ = {isa = PBXFileReference; lastKnownFileType = sourcecode.c.h; path = AppDelegate.h; sourceTree = "<group>"; };
		5087A4692397C3D8006C153D /* AppDelegate.m */ = {isa = PBXFileReference; lastKnownFileType = sourcecode.c.objc; path = AppDelegate.m; sourceTree = "<group>"; };
		5087A46B2397C3D8006C153D /* ViewController.h */ = {isa = PBXFileReference; lastKnownFileType = sourcecode.c.h; path = ViewController.h; sourceTree = "<group>"; };
		5087A46C2397C3D8006C153D /* ViewController.m */ = {isa = PBXFileReference; lastKnownFileType = sourcecode.c.objc; path = ViewController.m; sourceTree = "<group>"; };
		5087A46E2397C3DB006C153D /* Assets.xcassets */ = {isa = PBXFileReference; lastKnownFileType = folder.assetcatalog; path = Assets.xcassets; sourceTree = "<group>"; };
		5087A4712397C3DB006C153D /* Base */ = {isa = PBXFileReference; lastKnownFileType = file.storyboard; name = Base; path = Base.lproj/Main.storyboard; sourceTree = "<group>"; };
		5087A4732397C3DB006C153D /* Info.plist */ = {isa = PBXFileReference; lastKnownFileType = text.plist.xml; path = Info.plist; sourceTree = "<group>"; };
		5087A4742397C3DB006C153D /* main.m */ = {isa = PBXFileReference; lastKnownFileType = sourcecode.c.objc; path = main.m; sourceTree = "<group>"; };
		5087A4762397C3DB006C153D /* ANXOpenSSLTest.entitlements */ = {isa = PBXFileReference; lastKnownFileType = text.plist.entitlements; path = ANXOpenSSLTest.entitlements; sourceTree = "<group>"; };
		5087A4802397C5D3006C153D /* TestRSA.h */ = {isa = PBXFileReference; lastKnownFileType = sourcecode.c.h; path = TestRSA.h; sourceTree = "<group>"; };
		5087A4812397C5D3006C153D /* TestRSA.m */ = {isa = PBXFileReference; lastKnownFileType = sourcecode.c.objc; path = TestRSA.m; sourceTree = "<group>"; };
		5087A48323980CDF006C153D /* ANXOpenSSLUtils.h */ = {isa = PBXFileReference; lastKnownFileType = sourcecode.c.h; path = ANXOpenSSLUtils.h; sourceTree = "<group>"; };
		5087A48423980CDF006C153D /* ANXOpenSSLUtils.c */ = {isa = PBXFileReference; lastKnownFileType = sourcecode.c.c; path = ANXOpenSSLUtils.c; sourceTree = "<group>"; };
		5087A4882398E992006C153D /* ANXOpenSSL+RSA.h */ = {isa = PBXFileReference; lastKnownFileType = sourcecode.c.h; path = "ANXOpenSSL+RSA.h"; sourceTree = "<group>"; };
		5087A4892398E992006C153D /* ANXOpenSSL+RSA.m */ = {isa = PBXFileReference; lastKnownFileType = sourcecode.c.objc; path = "ANXOpenSSL+RSA.m"; sourceTree = "<group>"; };
		5087A48D23993396006C153D /* ANXOpenSSLDefer.h */ = {isa = PBXFileReference; lastKnownFileType = sourcecode.c.h; path = ANXOpenSSLDefer.h; sourceTree = "<group>"; };
		5087A48E23993396006C153D /* ANXOpenSSLDefer.m */ = {isa = PBXFileReference; lastKnownFileType = sourcecode.c.objc; path = ANXOpenSSLDefer.m; sourceTree = "<group>"; };
		5087A49323997A2A006C153D /* ANXOpenSSL+Base64.h */ = {isa = PBXFileReference; lastKnownFileType = sourcecode.c.h; path = "ANXOpenSSL+Base64.h"; sourceTree = "<group>"; };
		5087A49423997A2A006C153D /* ANXOpenSSL+Base64.m */ = {isa = PBXFileReference; lastKnownFileType = sourcecode.c.objc; path = "ANXOpenSSL+Base64.m"; sourceTree = "<group>"; };
		5087A499239ACC3F006C153D /* TestBase64.h */ = {isa = PBXFileReference; lastKnownFileType = sourcecode.c.h; path = TestBase64.h; sourceTree = "<group>"; };
		5087A49A239ACC3F006C153D /* TestBase64.m */ = {isa = PBXFileReference; lastKnownFileType = sourcecode.c.objc; path = TestBase64.m; sourceTree = "<group>"; };
		509BBE9A23CDBC110001B352 /* TestAES.h */ = {isa = PBXFileReference; lastKnownFileType = sourcecode.c.h; path = TestAES.h; sourceTree = "<group>"; };
		509BBE9B23CDBC110001B352 /* TestAES.m */ = {isa = PBXFileReference; lastKnownFileType = sourcecode.c.objc; path = TestAES.m; sourceTree = "<group>"; };
		509BED7B2411558A00F77731 /* airext_hex.h */ = {isa = PBXFileReference; fileEncoding = 4; lastKnownFileType = sourcecode.c.h; path = airext_hex.h; sourceTree = "<group>"; };
		509BED7C2411558A00F77731 /* airext_hex.c */ = {isa = PBXFileReference; fileEncoding = 4; lastKnownFileType = sourcecode.c.c; path = airext_hex.c; sourceTree = "<group>"; };
		50A3AEBE23CE63D10000ADB3 /* ANXOpenSSL+AES.h */ = {isa = PBXFileReference; lastKnownFileType = sourcecode.c.h; path = "ANXOpenSSL+AES.h"; sourceTree = "<group>"; };
		50A3AEBF23CE63D10000ADB3 /* ANXOpenSSL+AES.m */ = {isa = PBXFileReference; lastKnownFileType = sourcecode.c.objc; path = "ANXOpenSSL+AES.m"; sourceTree = "<group>"; };
		50A3AECC23D1CBC70000ADB3 /* TestVerify.h */ = {isa = PBXFileReference; lastKnownFileType = sourcecode.c.h; path = TestVerify.h; sourceTree = "<group>"; };
		50A3AECD23D1CBC70000ADB3 /* TestVerify.m */ = {isa = PBXFileReference; lastKnownFileType = sourcecode.c.objc; path = TestVerify.m; sourceTree = "<group>"; };
		50AE174523D493F30096E9C1 /* ANXOpenSSL+SHA.h */ = {isa = PBXFileReference; lastKnownFileType = sourcecode.c.h; path = "ANXOpenSSL+SHA.h"; sourceTree = "<group>"; };
		50AE174623D493F30096E9C1 /* ANXOpenSSL+SHA.m */ = {isa = PBXFileReference; lastKnownFileType = sourcecode.c.objc; path = "ANXOpenSSL+SHA.m"; sourceTree = "<group>"; };
		50AE174A23D4975E0096E9C1 /* TestSHA.h */ = {isa = PBXFileReference; lastKnownFileType = sourcecode.c.h; path = TestSHA.h; sourceTree = "<group>"; };
		50AE174B23D4975E0096E9C1 /* TestSHA.m */ = {isa = PBXFileReference; lastKnownFileType = sourcecode.c.objc; path = TestSHA.m; sourceTree = "<group>"; };
		50AE175023D777DD0096E9C1 /* TestHMAC.h */ = {isa = PBXFileReference; lastKnownFileType = sourcecode.c.h; path = TestHMAC.h; sourceTree = "<group>"; };
		50AE175123D777DD0096E9C1 /* TestHMAC.m */ = {isa = PBXFileReference; lastKnownFileType = sourcecode.c.objc; path = TestHMAC.m; sourceTree = "<group>"; };
		50AE175323D783DD0096E9C1 /* ANXOpenSSL+HMAC.h */ = {isa = PBXFileReference; lastKnownFileType = sourcecode.c.h; path = "ANXOpenSSL+HMAC.h"; sourceTree = "<group>"; };
		50AE175423D783DD0096E9C1 /* ANXOpenSSL+HMAC.m */ = {isa = PBXFileReference; lastKnownFileType = sourcecode.c.objc; path = "ANXOpenSSL+HMAC.m"; sourceTree = "<group>"; };
		50F3F293239D8D400077D3DC /* TestHex.h */ = {isa = PBXFileReference; lastKnownFileType = sourcecode.c.h; path = TestHex.h; sourceTree = "<group>"; };
		50F3F294239D8D400077D3DC /* TestHex.m */ = {isa = PBXFileReference; lastKnownFileType = sourcecode.c.objc; path = TestHex.m; sourceTree = "<group>"; };
		6550ECD8E38E98A24CAEFE9D /* Pods-ANXOpenSSL-macOS.debug.xcconfig */ = {isa = PBXFileReference; includeInIndex = 1; lastKnownFileType = text.xcconfig; name = "Pods-ANXOpenSSL-macOS.debug.xcconfig"; path = "Target Support Files/Pods-ANXOpenSSL-macOS/Pods-ANXOpenSSL-macOS.debug.xcconfig"; sourceTree = "<group>"; };
		703FC9B4F7B60F03CDD63932 /* Pods_ANXOpenSSL_macOS.framework */ = {isa = PBXFileReference; explicitFileType = wrapper.framework; includeInIndex = 0; path = Pods_ANXOpenSSL_macOS.framework; sourceTree = BUILT_PRODUCTS_DIR; };
		73938F45A50997871E05061D /* libPods-ANXOpenSSL-iOS.a */ = {isa = PBXFileReference; explicitFileType = archive.ar; includeInIndex = 0; path = "libPods-ANXOpenSSL-iOS.a"; sourceTree = BUILT_PRODUCTS_DIR; };
		9673B0773E0D3FD594C87C73 /* Pods-ANXOpenSSLTest.release.xcconfig */ = {isa = PBXFileReference; includeInIndex = 1; lastKnownFileType = text.xcconfig; name = "Pods-ANXOpenSSLTest.release.xcconfig"; path = "Target Support Files/Pods-ANXOpenSSLTest/Pods-ANXOpenSSLTest.release.xcconfig"; sourceTree = "<group>"; };
		CA8487252132414FD455D44D /* Pods_ANXOpenSSLTest.framework */ = {isa = PBXFileReference; explicitFileType = wrapper.framework; includeInIndex = 0; path = Pods_ANXOpenSSLTest.framework; sourceTree = BUILT_PRODUCTS_DIR; };
		F1AF3FB626B4AEA2CE04A2B6 /* Pods-ANXOpenSSL-iOS.debug.xcconfig */ = {isa = PBXFileReference; includeInIndex = 1; lastKnownFileType = text.xcconfig; name = "Pods-ANXOpenSSL-iOS.debug.xcconfig"; path = "Target Support Files/Pods-ANXOpenSSL-iOS/Pods-ANXOpenSSL-iOS.debug.xcconfig"; sourceTree = "<group>"; };
		F75D13451E1956114F3582DF /* Pods-ANXOpenSSLTest.debug.xcconfig */ = {isa = PBXFileReference; includeInIndex = 1; lastKnownFileType = text.xcconfig; name = "Pods-ANXOpenSSLTest.debug.xcconfig"; path = "Target Support Files/Pods-ANXOpenSSLTest/Pods-ANXOpenSSLTest.debug.xcconfig"; sourceTree = "<group>"; };
/* End PBXFileReference section */

/* Begin PBXFrameworksBuildPhase section */
		5087A40723958483006C153D /* Frameworks */ = {
			isa = PBXFrameworksBuildPhase;
			buildActionMask = 2147483647;
			files = (
				18F934B327D18FFA19FC7ED1 /* libPods-ANXOpenSSL-iOS.a in Frameworks */,
			);
			runOnlyForDeploymentPostprocessing = 0;
		};
		5087A42F23959CBB006C153D /* Frameworks */ = {
			isa = PBXFrameworksBuildPhase;
			buildActionMask = 2147483647;
			files = (
				5087A4572396E3B4006C153D /* Adobe AIR_64 in Frameworks */,
				5087A45F2396FA29006C153D /* Pods_ANXOpenSSL_macOS.framework in Frameworks */,
				5087A4532396E377006C153D /* Adobe AIR.framework in Frameworks */,
				5087A4552396E38C006C153D /* Cocoa.framework in Frameworks */,
			);
			runOnlyForDeploymentPostprocessing = 0;
		};
		5087A4632397C3D8006C153D /* Frameworks */ = {
			isa = PBXFrameworksBuildPhase;
			buildActionMask = 2147483647;
			files = (
				3D29DF9803DB3FB191CCABB8 /* Pods_ANXOpenSSLTest.framework in Frameworks */,
			);
			runOnlyForDeploymentPostprocessing = 0;
		};
/* End PBXFrameworksBuildPhase section */

/* Begin PBXGroup section */
		502194D224A2292F00DBDC50 /* FIles from Win project */ = {
			isa = PBXGroup;
			children = (
				502194DD24A3309F00DBDC50 /* AESCrypt.cpp */,
				502194DE24A3309F00DBDC50 /* AESCrypt.h */,
				502194D624A2294D00DBDC50 /* RSACrypt.cpp */,
				502194D524A2294D00DBDC50 /* RSACrypt.h */,
				502194D424A2294C00DBDC50 /* Utils.cpp */,
				502194D324A2294C00DBDC50 /* Utils.h */,
			);
			name = "FIles from Win project";
			sourceTree = "<group>";
		};
		505EB21E2403E2F80044335E /* Samples */ = {
			isa = PBXGroup;
			children = (
				505EB21F2403E3050044335E /* sha256 */,
			);
			path = Samples;
			sourceTree = "<group>";
		};
		505EB21F2403E3050044335E /* sha256 */ = {
			isa = PBXGroup;
			children = (
				505EB2242403E4230044335E /* data.bin.h */,
			);
			path = sha256;
			sourceTree = "<group>";
		};
		5087A3F6239581A4006C153D = {
			isa = PBXGroup;
			children = (
				5087A41B2395850A006C153D /* ANXOpenSSL */,
				5087A40B23958483006C153D /* ANXOpenSSL-iOS */,
				5087A43323959CBB006C153D /* ANXOpenSSL-macOS */,
				5087A4672397C3D8006C153D /* ANXOpenSSLTest */,
				5087A40223958200006C153D /* Products */,
				5087A44B23967546006C153D /* Frameworks */,
				AC4FD4CC051E0B86AFF3C688 /* Pods */,
			);
			sourceTree = "<group>";
		};
		5087A40223958200006C153D /* Products */ = {
			isa = PBXGroup;
			children = (
				5087A40A23958483006C153D /* libANXOpenSSL.a */,
				5087A43223959CBB006C153D /* ANXOpenSSL.framework */,
				5087A4662397C3D8006C153D /* ANXOpenSSLTest.app */,
			);
			name = Products;
			sourceTree = "<group>";
		};
		5087A40B23958483006C153D /* ANXOpenSSL-iOS */ = {
			isa = PBXGroup;
			children = (
				5087A42823958607006C153D /* Supporting Files */,
			);
			path = "ANXOpenSSL-iOS";
			sourceTree = "<group>";
		};
		5087A41B2395850A006C153D /* ANXOpenSSL */ = {
			isa = PBXGroup;
			children = (
				502194D224A2292F00DBDC50 /* FIles from Win project */,
				509BED812411558D00F77731 /* Util */,
				5087A4452395A045006C153D /* ANXOpenSSL.h */,
				5087A43F2395A031006C153D /* ANXOpenSSL.m */,
				5087A4882398E992006C153D /* ANXOpenSSL+RSA.h */,
				5087A4892398E992006C153D /* ANXOpenSSL+RSA.m */,
				50A3AEBE23CE63D10000ADB3 /* ANXOpenSSL+AES.h */,
				50A3AEBF23CE63D10000ADB3 /* ANXOpenSSL+AES.m */,
				50AE174523D493F30096E9C1 /* ANXOpenSSL+SHA.h */,
				50AE174623D493F30096E9C1 /* ANXOpenSSL+SHA.m */,
				50AE175323D783DD0096E9C1 /* ANXOpenSSL+HMAC.h */,
				50AE175423D783DD0096E9C1 /* ANXOpenSSL+HMAC.m */,
				5087A49323997A2A006C153D /* ANXOpenSSL+Base64.h */,
				5087A49423997A2A006C153D /* ANXOpenSSL+Base64.m */,
				50164F35240EA27200EE7AE4 /* ANXOpenSSL+HEX.h */,
				50164F36240EA27200EE7AE4 /* ANXOpenSSL+HEX.m */,
				5087A43D2395A031006C153D /* ANXOpenSSLFacade.h */,
				5087A43E2395A031006C153D /* ANXOpenSSLFacade.m */,
				5087A45A2396F5D9006C153D /* ANXOpenSSLConversionRoutines.h */,
				5087A45B2396F5D9006C153D /* ANXOpenSSLConversionRoutines.m */,
				5087A48323980CDF006C153D /* ANXOpenSSLUtils.h */,
				5087A48423980CDF006C153D /* ANXOpenSSLUtils.c */,
				5087A48D23993396006C153D /* ANXOpenSSLDefer.h */,
				5087A48E23993396006C153D /* ANXOpenSSLDefer.m */,
				502194CE24A228F900DBDC50 /* ANXOpenSSLMain.h */,
				502194CD24A228F900DBDC50 /* ANXOpenSSLMain.cpp */,
			);
			path = ANXOpenSSL;
			sourceTree = "<group>";
		};
		5087A42823958607006C153D /* Supporting Files */ = {
			isa = PBXGroup;
			children = (
				5087A4462395A0E8006C153D /* FlashRuntimeExtensions.h */,
			);
			name = "Supporting Files";
			path = ANXOpenSSL;
			sourceTree = "<group>";
		};
		5087A43323959CBB006C153D /* ANXOpenSSL-macOS */ = {
			isa = PBXGroup;
			children = (
				5087A4472395A0ED006C153D /* Supporting Files */,
				5087A43523959CBB006C153D /* Info.plist */,
			);
			path = "ANXOpenSSL-macOS";
			sourceTree = "<group>";
		};
		5087A4472395A0ED006C153D /* Supporting Files */ = {
			isa = PBXGroup;
			children = (
				5087A4522396E377006C153D /* Adobe AIR.framework */,
			);
			name = "Supporting Files";
			sourceTree = "<group>";
		};
		5087A44B23967546006C153D /* Frameworks */ = {
			isa = PBXGroup;
			children = (
				5087A4562396E3B4006C153D /* Adobe AIR_64 */,
				5087A4542396E38C006C153D /* Cocoa.framework */,
				73938F45A50997871E05061D /* libPods-ANXOpenSSL-iOS.a */,
				703FC9B4F7B60F03CDD63932 /* Pods_ANXOpenSSL_macOS.framework */,
				CA8487252132414FD455D44D /* Pods_ANXOpenSSLTest.framework */,
			);
			name = Frameworks;
			sourceTree = "<group>";
		};
		5087A4672397C3D8006C153D /* ANXOpenSSLTest */ = {
			isa = PBXGroup;
			children = (
				505EB21E2403E2F80044335E /* Samples */,
				5087A4682397C3D8006C153D /* AppDelegate.h */,
				5087A4692397C3D8006C153D /* AppDelegate.m */,
				5087A46B2397C3D8006C153D /* ViewController.h */,
				5087A46C2397C3D8006C153D /* ViewController.m */,
				5087A46E2397C3DB006C153D /* Assets.xcassets */,
				5087A4702397C3DB006C153D /* Main.storyboard */,
				5087A4732397C3DB006C153D /* Info.plist */,
				5087A4742397C3DB006C153D /* main.m */,
				5087A4762397C3DB006C153D /* ANXOpenSSLTest.entitlements */,
				5087A4802397C5D3006C153D /* TestRSA.h */,
				5087A4812397C5D3006C153D /* TestRSA.m */,
				5087A499239ACC3F006C153D /* TestBase64.h */,
				5087A49A239ACC3F006C153D /* TestBase64.m */,
				50F3F293239D8D400077D3DC /* TestHex.h */,
				50F3F294239D8D400077D3DC /* TestHex.m */,
				50164F3A24103A0C00EE7AE4 /* TestData.h */,
				509BBE9A23CDBC110001B352 /* TestAES.h */,
				509BBE9B23CDBC110001B352 /* TestAES.m */,
				50A3AECC23D1CBC70000ADB3 /* TestVerify.h */,
				50A3AECD23D1CBC70000ADB3 /* TestVerify.m */,
				50AE174A23D4975E0096E9C1 /* TestSHA.h */,
				50AE174B23D4975E0096E9C1 /* TestSHA.m */,
				50AE175023D777DD0096E9C1 /* TestHMAC.h */,
				50AE175123D777DD0096E9C1 /* TestHMAC.m */,
				50164F3D24103C1600EE7AE4 /* BytesGenerator.h */,
				50164F3E24103C1600EE7AE4 /* BytesGenerator.m */,
			);
			path = ANXOpenSSLTest;
			sourceTree = "<group>";
		};
		509BED812411558D00F77731 /* Util */ = {
			isa = PBXGroup;
			children = (
				509BED7C2411558A00F77731 /* airext_hex.c */,
				509BED7B2411558A00F77731 /* airext_hex.h */,
			);
			name = Util;
			sourceTree = "<group>";
		};
		AC4FD4CC051E0B86AFF3C688 /* Pods */ = {
			isa = PBXGroup;
			children = (
				F1AF3FB626B4AEA2CE04A2B6 /* Pods-ANXOpenSSL-iOS.debug.xcconfig */,
				2E503A764F5735636B3A6F76 /* Pods-ANXOpenSSL-iOS.release.xcconfig */,
				6550ECD8E38E98A24CAEFE9D /* Pods-ANXOpenSSL-macOS.debug.xcconfig */,
				36ACEFF7DF1C36863F772D47 /* Pods-ANXOpenSSL-macOS.release.xcconfig */,
				F75D13451E1956114F3582DF /* Pods-ANXOpenSSLTest.debug.xcconfig */,
				9673B0773E0D3FD594C87C73 /* Pods-ANXOpenSSLTest.release.xcconfig */,
			);
			path = Pods;
			sourceTree = "<group>";
		};
/* End PBXGroup section */

/* Begin PBXHeadersBuildPhase section */
		5087A42D23959CBB006C153D /* Headers */ = {
			isa = PBXHeadersBuildPhase;
			buildActionMask = 2147483647;
			files = (
				50AE174723D493F30096E9C1 /* ANXOpenSSL+SHA.h in Headers */,
				5087A45C2396F5D9006C153D /* ANXOpenSSLConversionRoutines.h in Headers */,
				509BED7D2411558A00F77731 /* airext_hex.h in Headers */,
				50AE175523D783DD0096E9C1 /* ANXOpenSSL+HMAC.h in Headers */,
				502194D124A228F900DBDC50 /* ANXOpenSSLMain.h in Headers */,
				5087A48F23993396006C153D /* ANXOpenSSLDefer.h in Headers */,
				502194DA24A2294D00DBDC50 /* RSACrypt.h in Headers */,
				5087A44A2396737E006C153D /* ANXOpenSSL.h in Headers */,
				50A3AEC023CE63D10000ADB3 /* ANXOpenSSL+AES.h in Headers */,
				502194D724A2294D00DBDC50 /* Utils.h in Headers */,
				5087A49523997A2A006C153D /* ANXOpenSSL+Base64.h in Headers */,
				5087A48A2398E992006C153D /* ANXOpenSSL+RSA.h in Headers */,
				502194E124A3309F00DBDC50 /* AESCrypt.h in Headers */,
				5087A4402395A032006C153D /* ANXOpenSSLFacade.h in Headers */,
				50164F37240EA27200EE7AE4 /* ANXOpenSSL+HEX.h in Headers */,
			);
			runOnlyForDeploymentPostprocessing = 0;
		};
/* End PBXHeadersBuildPhase section */

/* Begin PBXNativeTarget section */
		5087A40923958483006C153D /* ANXOpenSSL-iOS */ = {
			isa = PBXNativeTarget;
			buildConfigurationList = 5087A41023958483006C153D /* Build configuration list for PBXNativeTarget "ANXOpenSSL-iOS" */;
			buildPhases = (
				6AA2988EA07DC0CAD966AA35 /* [CP] Check Pods Manifest.lock */,
				5087A40623958483006C153D /* Sources */,
				5087A40723958483006C153D /* Frameworks */,
				5087A40823958483006C153D /* CopyFiles */,
			);
			buildRules = (
			);
			dependencies = (
			);
			name = "ANXOpenSSL-iOS";
			productName = "ANXOpenSSL-iOS";
			productReference = 5087A40A23958483006C153D /* libANXOpenSSL.a */;
			productType = "com.apple.product-type.library.static";
		};
		5087A43123959CBB006C153D /* ANXOpenSSL-macOS */ = {
			isa = PBXNativeTarget;
			buildConfigurationList = 5087A43923959CBB006C153D /* Build configuration list for PBXNativeTarget "ANXOpenSSL-macOS" */;
			buildPhases = (
				A8F94FB80CCDA9A8CC702123 /* [CP] Check Pods Manifest.lock */,
				5087A42D23959CBB006C153D /* Headers */,
				5087A42E23959CBB006C153D /* Sources */,
				5087A42F23959CBB006C153D /* Frameworks */,
				5087A43023959CBB006C153D /* Resources */,
				5087A4612396FA2A006C153D /* Embed Frameworks */,
			);
			buildRules = (
			);
			dependencies = (
			);
			name = "ANXOpenSSL-macOS";
			productName = ANXOpenSSL;
			productReference = 5087A43223959CBB006C153D /* ANXOpenSSL.framework */;
			productType = "com.apple.product-type.framework";
		};
		5087A4652397C3D8006C153D /* ANXOpenSSLTest */ = {
			isa = PBXNativeTarget;
			buildConfigurationList = 5087A4792397C3DB006C153D /* Build configuration list for PBXNativeTarget "ANXOpenSSLTest" */;
			buildPhases = (
				153E0FC09053B295F71D8FF4 /* [CP] Check Pods Manifest.lock */,
				5087A4622397C3D8006C153D /* Sources */,
				5087A4632397C3D8006C153D /* Frameworks */,
				5087A4642397C3D8006C153D /* Resources */,
			);
			buildRules = (
			);
			dependencies = (
			);
			name = ANXOpenSSLTest;
			productName = ANXOpenSSLTest;
			productReference = 5087A4662397C3D8006C153D /* ANXOpenSSLTest.app */;
			productType = "com.apple.product-type.application";
		};
/* End PBXNativeTarget section */

/* Begin PBXProject section */
		5087A3F7239581A4006C153D /* Project object */ = {
			isa = PBXProject;
			attributes = {
				LastUpgradeCheck = 1120;
				TargetAttributes = {
					5087A40923958483006C153D = {
						CreatedOnToolsVersion = 11.2.1;
					};
					5087A43123959CBB006C153D = {
						CreatedOnToolsVersion = 11.2.1;
					};
					5087A4652397C3D8006C153D = {
						CreatedOnToolsVersion = 11.2.1;
					};
				};
			};
			buildConfigurationList = 5087A3FA239581A4006C153D /* Build configuration list for PBXProject "OpenSSL" */;
			compatibilityVersion = "Xcode 9.3";
			developmentRegion = en;
			hasScannedForEncodings = 0;
			knownRegions = (
				en,
				Base,
			);
			mainGroup = 5087A3F6239581A4006C153D;
			productRefGroup = 5087A40223958200006C153D /* Products */;
			projectDirPath = "";
			projectRoot = "";
			targets = (
				5087A40923958483006C153D /* ANXOpenSSL-iOS */,
				5087A43123959CBB006C153D /* ANXOpenSSL-macOS */,
				5087A4652397C3D8006C153D /* ANXOpenSSLTest */,
			);
		};
/* End PBXProject section */

/* Begin PBXResourcesBuildPhase section */
		5087A43023959CBB006C153D /* Resources */ = {
			isa = PBXResourcesBuildPhase;
			buildActionMask = 2147483647;
			files = (
			);
			runOnlyForDeploymentPostprocessing = 0;
		};
		5087A4642397C3D8006C153D /* Resources */ = {
			isa = PBXResourcesBuildPhase;
			buildActionMask = 2147483647;
			files = (
				5087A46F2397C3DB006C153D /* Assets.xcassets in Resources */,
				5087A4722397C3DB006C153D /* Main.storyboard in Resources */,
			);
			runOnlyForDeploymentPostprocessing = 0;
		};
/* End PBXResourcesBuildPhase section */

/* Begin PBXShellScriptBuildPhase section */
		153E0FC09053B295F71D8FF4 /* [CP] Check Pods Manifest.lock */ = {
			isa = PBXShellScriptBuildPhase;
			buildActionMask = 2147483647;
			files = (
			);
			inputFileListPaths = (
			);
			inputPaths = (
				"${PODS_PODFILE_DIR_PATH}/Podfile.lock",
				"${PODS_ROOT}/Manifest.lock",
			);
			name = "[CP] Check Pods Manifest.lock";
			outputFileListPaths = (
			);
			outputPaths = (
				"$(DERIVED_FILE_DIR)/Pods-ANXOpenSSLTest-checkManifestLockResult.txt",
			);
			runOnlyForDeploymentPostprocessing = 0;
			shellPath = /bin/sh;
			shellScript = "diff \"${PODS_PODFILE_DIR_PATH}/Podfile.lock\" \"${PODS_ROOT}/Manifest.lock\" > /dev/null\nif [ $? != 0 ] ; then\n    # print error to STDERR\n    echo \"error: The sandbox is not in sync with the Podfile.lock. Run 'pod install' or update your CocoaPods installation.\" >&2\n    exit 1\nfi\n# This output is used by Xcode 'outputs' to avoid re-running this script phase.\necho \"SUCCESS\" > \"${SCRIPT_OUTPUT_FILE_0}\"\n";
			showEnvVarsInLog = 0;
		};
		6AA2988EA07DC0CAD966AA35 /* [CP] Check Pods Manifest.lock */ = {
			isa = PBXShellScriptBuildPhase;
			buildActionMask = 2147483647;
			files = (
			);
			inputFileListPaths = (
			);
			inputPaths = (
				"${PODS_PODFILE_DIR_PATH}/Podfile.lock",
				"${PODS_ROOT}/Manifest.lock",
			);
			name = "[CP] Check Pods Manifest.lock";
			outputFileListPaths = (
			);
			outputPaths = (
				"$(DERIVED_FILE_DIR)/Pods-ANXOpenSSL-iOS-checkManifestLockResult.txt",
			);
			runOnlyForDeploymentPostprocessing = 0;
			shellPath = /bin/sh;
			shellScript = "diff \"${PODS_PODFILE_DIR_PATH}/Podfile.lock\" \"${PODS_ROOT}/Manifest.lock\" > /dev/null\nif [ $? != 0 ] ; then\n    # print error to STDERR\n    echo \"error: The sandbox is not in sync with the Podfile.lock. Run 'pod install' or update your CocoaPods installation.\" >&2\n    exit 1\nfi\n# This output is used by Xcode 'outputs' to avoid re-running this script phase.\necho \"SUCCESS\" > \"${SCRIPT_OUTPUT_FILE_0}\"\n";
			showEnvVarsInLog = 0;
		};
		A8F94FB80CCDA9A8CC702123 /* [CP] Check Pods Manifest.lock */ = {
			isa = PBXShellScriptBuildPhase;
			buildActionMask = 2147483647;
			files = (
			);
			inputFileListPaths = (
			);
			inputPaths = (
				"${PODS_PODFILE_DIR_PATH}/Podfile.lock",
				"${PODS_ROOT}/Manifest.lock",
			);
			name = "[CP] Check Pods Manifest.lock";
			outputFileListPaths = (
			);
			outputPaths = (
				"$(DERIVED_FILE_DIR)/Pods-ANXOpenSSL-macOS-checkManifestLockResult.txt",
			);
			runOnlyForDeploymentPostprocessing = 0;
			shellPath = /bin/sh;
			shellScript = "diff \"${PODS_PODFILE_DIR_PATH}/Podfile.lock\" \"${PODS_ROOT}/Manifest.lock\" > /dev/null\nif [ $? != 0 ] ; then\n    # print error to STDERR\n    echo \"error: The sandbox is not in sync with the Podfile.lock. Run 'pod install' or update your CocoaPods installation.\" >&2\n    exit 1\nfi\n# This output is used by Xcode 'outputs' to avoid re-running this script phase.\necho \"SUCCESS\" > \"${SCRIPT_OUTPUT_FILE_0}\"\n";
			showEnvVarsInLog = 0;
		};
/* End PBXShellScriptBuildPhase section */

/* Begin PBXSourcesBuildPhase section */
		5087A40623958483006C153D /* Sources */ = {
			isa = PBXSourcesBuildPhase;
			buildActionMask = 2147483647;
			files = (
				5087A4432395A032006C153D /* ANXOpenSSL.m in Sources */,
				502194DB24A2294D00DBDC50 /* RSACrypt.cpp in Sources */,
				5087A49023993396006C153D /* ANXOpenSSLDefer.m in Sources */,
				502194CF24A228F900DBDC50 /* ANXOpenSSLMain.cpp in Sources */,
				50A3AEC123CE63D10000ADB3 /* ANXOpenSSL+AES.m in Sources */,
				50AE174823D493F30096E9C1 /* ANXOpenSSL+SHA.m in Sources */,
				5087A45D2396F5D9006C153D /* ANXOpenSSLConversionRoutines.m in Sources */,
				5087A49623997A2A006C153D /* ANXOpenSSL+Base64.m in Sources */,
				502194DF24A3309F00DBDC50 /* AESCrypt.cpp in Sources */,
				50164F38240EA27200EE7AE4 /* ANXOpenSSL+HEX.m in Sources */,
				5087A48723980D95006C153D /* ANXOpenSSLUtils.c in Sources */,
				502194D824A2294D00DBDC50 /* Utils.cpp in Sources */,
				5087A4412395A032006C153D /* ANXOpenSSLFacade.m in Sources */,
				5087A48B2398E992006C153D /* ANXOpenSSL+RSA.m in Sources */,
				509BED7E2411558A00F77731 /* airext_hex.c in Sources */,
				50AE175623D783DD0096E9C1 /* ANXOpenSSL+HMAC.m in Sources */,
			);
			runOnlyForDeploymentPostprocessing = 0;
		};
		5087A42E23959CBB006C153D /* Sources */ = {
			isa = PBXSourcesBuildPhase;
			buildActionMask = 2147483647;
			files = (
				5087A4442395A032006C153D /* ANXOpenSSL.m in Sources */,
				502194DC24A2294D00DBDC50 /* RSACrypt.cpp in Sources */,
				5087A49123993396006C153D /* ANXOpenSSLDefer.m in Sources */,
				502194D024A228F900DBDC50 /* ANXOpenSSLMain.cpp in Sources */,
				50A3AEC223CE63D10000ADB3 /* ANXOpenSSL+AES.m in Sources */,
				50AE174923D493F30096E9C1 /* ANXOpenSSL+SHA.m in Sources */,
				5087A45E2396F5D9006C153D /* ANXOpenSSLConversionRoutines.m in Sources */,
				5087A49723997A2A006C153D /* ANXOpenSSL+Base64.m in Sources */,
				502194E024A3309F00DBDC50 /* AESCrypt.cpp in Sources */,
				50164F39240EA27200EE7AE4 /* ANXOpenSSL+HEX.m in Sources */,
				5087A48623980D95006C153D /* ANXOpenSSLUtils.c in Sources */,
				502194D924A2294D00DBDC50 /* Utils.cpp in Sources */,
				5087A4422395A032006C153D /* ANXOpenSSLFacade.m in Sources */,
				5087A48C2398E992006C153D /* ANXOpenSSL+RSA.m in Sources */,
				509BED7F2411558A00F77731 /* airext_hex.c in Sources */,
				50AE175723D783DD0096E9C1 /* ANXOpenSSL+HMAC.m in Sources */,
			);
			runOnlyForDeploymentPostprocessing = 0;
		};
		5087A4622397C3D8006C153D /* Sources */ = {
			isa = PBXSourcesBuildPhase;
			buildActionMask = 2147483647;
			files = (
				50AE174C23D4975E0096E9C1 /* TestSHA.m in Sources */,
				5087A46D2397C3D8006C153D /* ViewController.m in Sources */,
				509BBE9C23CDBC110001B352 /* TestAES.m in Sources */,
				5087A49223993396006C153D /* ANXOpenSSLDefer.m in Sources */,
				50A3AECE23D1CBC70000ADB3 /* TestVerify.m in Sources */,
				5087A4752397C3DB006C153D /* main.m in Sources */,
				5087A4822397C5D3006C153D /* TestRSA.m in Sources */,
				50AE175223D777DD0096E9C1 /* TestHMAC.m in Sources */,
				5087A47F2397C461006C153D /* ANXOpenSSL.m in Sources */,
				5087A48523980CDF006C153D /* ANXOpenSSLUtils.c in Sources */,
				50F3F295239D8D400077D3DC /* TestHex.m in Sources */,
				5087A46A2397C3D8006C153D /* AppDelegate.m in Sources */,
				5087A49B239ACC3F006C153D /* TestBase64.m in Sources */,
				509BED802411558A00F77731 /* airext_hex.c in Sources */,
				50164F3F24103C1600EE7AE4 /* BytesGenerator.m in Sources */,
			);
			runOnlyForDeploymentPostprocessing = 0;
		};
/* End PBXSourcesBuildPhase section */

/* Begin PBXVariantGroup section */
		5087A4702397C3DB006C153D /* Main.storyboard */ = {
			isa = PBXVariantGroup;
			children = (
				5087A4712397C3DB006C153D /* Base */,
			);
			name = Main.storyboard;
			sourceTree = "<group>";
		};
/* End PBXVariantGroup section */

/* Begin XCBuildConfiguration section */
		5087A3FB239581A4006C153D /* Debug */ = {
			isa = XCBuildConfiguration;
			buildSettings = {
			};
			name = Debug;
		};
		5087A3FC239581A4006C153D /* Release */ = {
			isa = XCBuildConfiguration;
			buildSettings = {
			};
			name = Release;
		};
		5087A41123958483006C153D /* Debug */ = {
			isa = XCBuildConfiguration;
			baseConfigurationReference = F1AF3FB626B4AEA2CE04A2B6 /* Pods-ANXOpenSSL-iOS.debug.xcconfig */;
			buildSettings = {
				ALWAYS_SEARCH_USER_PATHS = NO;
				CLANG_ANALYZER_NONNULL = YES;
				CLANG_ANALYZER_NUMBER_OBJECT_CONVERSION = YES_AGGRESSIVE;
				CLANG_CXX_LANGUAGE_STANDARD = "gnu++14";
				CLANG_CXX_LIBRARY = "libc++";
				CLANG_ENABLE_MODULES = YES;
				CLANG_ENABLE_OBJC_ARC = YES;
				CLANG_ENABLE_OBJC_WEAK = YES;
				CLANG_WARN_BLOCK_CAPTURE_AUTORELEASING = YES;
				CLANG_WARN_BOOL_CONVERSION = YES;
				CLANG_WARN_COMMA = YES;
				CLANG_WARN_CONSTANT_CONVERSION = YES;
				CLANG_WARN_DEPRECATED_OBJC_IMPLEMENTATIONS = YES;
				CLANG_WARN_DIRECT_OBJC_ISA_USAGE = YES_ERROR;
				CLANG_WARN_DOCUMENTATION_COMMENTS = YES;
				CLANG_WARN_EMPTY_BODY = YES;
				CLANG_WARN_ENUM_CONVERSION = YES;
				CLANG_WARN_INFINITE_RECURSION = YES;
				CLANG_WARN_INT_CONVERSION = YES;
				CLANG_WARN_NON_LITERAL_NULL_CONVERSION = YES;
				CLANG_WARN_OBJC_IMPLICIT_RETAIN_SELF = YES;
				CLANG_WARN_OBJC_LITERAL_CONVERSION = YES;
				CLANG_WARN_OBJC_ROOT_CLASS = YES_ERROR;
				CLANG_WARN_RANGE_LOOP_ANALYSIS = YES;
				CLANG_WARN_STRICT_PROTOTYPES = YES;
				CLANG_WARN_SUSPICIOUS_MOVE = YES;
				CLANG_WARN_UNGUARDED_AVAILABILITY = YES_AGGRESSIVE;
				CLANG_WARN_UNREACHABLE_CODE = YES;
				CLANG_WARN__DUPLICATE_METHOD_MATCH = YES;
				CODE_SIGN_STYLE = Automatic;
				COPY_PHASE_STRIP = NO;
				DEBUG_INFORMATION_FORMAT = dwarf;
				DEVELOPMENT_TEAM = GL9F4DL9W9;
				ENABLE_STRICT_OBJC_MSGSEND = YES;
				ENABLE_TESTABILITY = YES;
				GCC_C_LANGUAGE_STANDARD = gnu11;
				GCC_DYNAMIC_NO_PIC = NO;
				GCC_NO_COMMON_BLOCKS = YES;
				GCC_OPTIMIZATION_LEVEL = 0;
				GCC_PREPROCESSOR_DEFINITIONS = (
					"DEBUG=1",
					"$(inherited)",
				);
				GCC_WARN_64_TO_32_BIT_CONVERSION = YES;
				GCC_WARN_ABOUT_RETURN_TYPE = YES_ERROR;
				GCC_WARN_UNDECLARED_SELECTOR = YES;
				GCC_WARN_UNINITIALIZED_AUTOS = YES_AGGRESSIVE;
				GCC_WARN_UNUSED_FUNCTION = YES;
				GCC_WARN_UNUSED_VARIABLE = YES;
				IPHONEOS_DEPLOYMENT_TARGET = 13.2;
				MTL_ENABLE_DEBUG_INFO = INCLUDE_SOURCE;
				MTL_FAST_MATH = YES;
				ONLY_ACTIVE_ARCH = YES;
				PRODUCT_NAME = ANXOpenSSL;
				SDKROOT = iphoneos;
				SKIP_INSTALL = YES;
				TARGETED_DEVICE_FAMILY = "1,2";
			};
			name = Debug;
		};
		5087A41223958483006C153D /* Release */ = {
			isa = XCBuildConfiguration;
			baseConfigurationReference = 2E503A764F5735636B3A6F76 /* Pods-ANXOpenSSL-iOS.release.xcconfig */;
			buildSettings = {
				ALWAYS_SEARCH_USER_PATHS = NO;
				CLANG_ANALYZER_NONNULL = YES;
				CLANG_ANALYZER_NUMBER_OBJECT_CONVERSION = YES_AGGRESSIVE;
				CLANG_CXX_LANGUAGE_STANDARD = "gnu++14";
				CLANG_CXX_LIBRARY = "libc++";
				CLANG_ENABLE_MODULES = YES;
				CLANG_ENABLE_OBJC_ARC = YES;
				CLANG_ENABLE_OBJC_WEAK = YES;
				CLANG_WARN_BLOCK_CAPTURE_AUTORELEASING = YES;
				CLANG_WARN_BOOL_CONVERSION = YES;
				CLANG_WARN_COMMA = YES;
				CLANG_WARN_CONSTANT_CONVERSION = YES;
				CLANG_WARN_DEPRECATED_OBJC_IMPLEMENTATIONS = YES;
				CLANG_WARN_DIRECT_OBJC_ISA_USAGE = YES_ERROR;
				CLANG_WARN_DOCUMENTATION_COMMENTS = YES;
				CLANG_WARN_EMPTY_BODY = YES;
				CLANG_WARN_ENUM_CONVERSION = YES;
				CLANG_WARN_INFINITE_RECURSION = YES;
				CLANG_WARN_INT_CONVERSION = YES;
				CLANG_WARN_NON_LITERAL_NULL_CONVERSION = YES;
				CLANG_WARN_OBJC_IMPLICIT_RETAIN_SELF = YES;
				CLANG_WARN_OBJC_LITERAL_CONVERSION = YES;
				CLANG_WARN_OBJC_ROOT_CLASS = YES_ERROR;
				CLANG_WARN_RANGE_LOOP_ANALYSIS = YES;
				CLANG_WARN_STRICT_PROTOTYPES = YES;
				CLANG_WARN_SUSPICIOUS_MOVE = YES;
				CLANG_WARN_UNGUARDED_AVAILABILITY = YES_AGGRESSIVE;
				CLANG_WARN_UNREACHABLE_CODE = YES;
				CLANG_WARN__DUPLICATE_METHOD_MATCH = YES;
				CODE_SIGN_STYLE = Automatic;
				COPY_PHASE_STRIP = NO;
				DEBUG_INFORMATION_FORMAT = "dwarf-with-dsym";
				DEVELOPMENT_TEAM = GL9F4DL9W9;
				ENABLE_NS_ASSERTIONS = NO;
				ENABLE_STRICT_OBJC_MSGSEND = YES;
				GCC_C_LANGUAGE_STANDARD = gnu11;
				GCC_NO_COMMON_BLOCKS = YES;
				GCC_WARN_64_TO_32_BIT_CONVERSION = YES;
				GCC_WARN_ABOUT_RETURN_TYPE = YES_ERROR;
				GCC_WARN_UNDECLARED_SELECTOR = YES;
				GCC_WARN_UNINITIALIZED_AUTOS = YES_AGGRESSIVE;
				GCC_WARN_UNUSED_FUNCTION = YES;
				GCC_WARN_UNUSED_VARIABLE = YES;
				IPHONEOS_DEPLOYMENT_TARGET = 13.2;
				MTL_ENABLE_DEBUG_INFO = NO;
				MTL_FAST_MATH = YES;
				PRODUCT_NAME = ANXOpenSSL;
				SDKROOT = iphoneos;
				SKIP_INSTALL = YES;
				TARGETED_DEVICE_FAMILY = "1,2";
				VALIDATE_PRODUCT = YES;
			};
			name = Release;
		};
		5087A43723959CBB006C153D /* Debug */ = {
			isa = XCBuildConfiguration;
			baseConfigurationReference = 6550ECD8E38E98A24CAEFE9D /* Pods-ANXOpenSSL-macOS.debug.xcconfig */;
			buildSettings = {
				ALWAYS_SEARCH_USER_PATHS = NO;
				CLANG_ANALYZER_NONNULL = YES;
				CLANG_ANALYZER_NUMBER_OBJECT_CONVERSION = YES_AGGRESSIVE;
				CLANG_CXX_LANGUAGE_STANDARD = "gnu++14";
				CLANG_CXX_LIBRARY = "libc++";
				CLANG_ENABLE_MODULES = YES;
				CLANG_ENABLE_OBJC_ARC = YES;
				CLANG_ENABLE_OBJC_WEAK = YES;
				CLANG_WARN_BLOCK_CAPTURE_AUTORELEASING = YES;
				CLANG_WARN_BOOL_CONVERSION = YES;
				CLANG_WARN_COMMA = YES;
				CLANG_WARN_CONSTANT_CONVERSION = YES;
				CLANG_WARN_DEPRECATED_OBJC_IMPLEMENTATIONS = YES;
				CLANG_WARN_DIRECT_OBJC_ISA_USAGE = YES_ERROR;
				CLANG_WARN_DOCUMENTATION_COMMENTS = YES;
				CLANG_WARN_EMPTY_BODY = YES;
				CLANG_WARN_ENUM_CONVERSION = YES;
				CLANG_WARN_INFINITE_RECURSION = YES;
				CLANG_WARN_INT_CONVERSION = YES;
				CLANG_WARN_NON_LITERAL_NULL_CONVERSION = YES;
				CLANG_WARN_OBJC_IMPLICIT_RETAIN_SELF = YES;
				CLANG_WARN_OBJC_LITERAL_CONVERSION = YES;
				CLANG_WARN_OBJC_ROOT_CLASS = YES_ERROR;
				CLANG_WARN_RANGE_LOOP_ANALYSIS = YES;
				CLANG_WARN_STRICT_PROTOTYPES = YES;
				CLANG_WARN_SUSPICIOUS_MOVE = YES;
				CLANG_WARN_UNGUARDED_AVAILABILITY = YES_AGGRESSIVE;
				CLANG_WARN_UNREACHABLE_CODE = YES;
				CLANG_WARN__DUPLICATE_METHOD_MATCH = YES;
				CODE_SIGN_STYLE = Manual;
				COMBINE_HIDPI_IMAGES = YES;
				COPY_PHASE_STRIP = NO;
				CURRENT_PROJECT_VERSION = 1;
				DEBUG_INFORMATION_FORMAT = dwarf;
				DEFINES_MODULE = YES;
				DEVELOPMENT_TEAM = "";
				DYLIB_COMPATIBILITY_VERSION = 1;
				DYLIB_CURRENT_VERSION = 1;
				DYLIB_INSTALL_NAME_BASE = "@rpath";
				ENABLE_STRICT_OBJC_MSGSEND = YES;
				ENABLE_TESTABILITY = YES;
				FRAMEWORK_SEARCH_PATHS = (
					"$(inherited)",
					"$(PROJECT_DIR)/ANXOpenSSL-macOS",
				);
				GCC_C_LANGUAGE_STANDARD = gnu11;
				GCC_DYNAMIC_NO_PIC = NO;
				GCC_NO_COMMON_BLOCKS = YES;
				GCC_OPTIMIZATION_LEVEL = 0;
				GCC_PREPROCESSOR_DEFINITIONS = (
					"DEBUG=1",
					"$(inherited)",
				);
				GCC_WARN_64_TO_32_BIT_CONVERSION = YES;
				GCC_WARN_ABOUT_RETURN_TYPE = YES_ERROR;
				GCC_WARN_UNDECLARED_SELECTOR = YES;
				GCC_WARN_UNINITIALIZED_AUTOS = YES_AGGRESSIVE;
				GCC_WARN_UNUSED_FUNCTION = YES;
				GCC_WARN_UNUSED_VARIABLE = YES;
				INFOPLIST_FILE = "ANXOpenSSL-macOS/Info.plist";
				INSTALL_PATH = "$(LOCAL_LIBRARY_DIR)/Frameworks";
				LD_RUNPATH_SEARCH_PATHS = (
					"$(inherited)",
					"@executable_path/../Frameworks",
					"@loader_path/Frameworks",
				);
				LIBRARY_SEARCH_PATHS = (
					"$(inherited)",
					"$(PROJECT_DIR)/ANXOpenSSL-macOS/Adobe\\ AIR.framework/Versions/1.0",
					"$(PROJECT_DIR)/ANXOpenSSL-macOS/Adobe\\ AIR.framework/Versions/1.0",
					"$(PROJECT_DIR)/ANXOpenSSL-macOS/Adobe\\ AIR.framework/Versions/1.0",
				);
				MACOSX_DEPLOYMENT_TARGET = 10.9;
				MTL_ENABLE_DEBUG_INFO = INCLUDE_SOURCE;
				MTL_FAST_MATH = YES;
				ONLY_ACTIVE_ARCH = NO;
				OTHER_LDFLAGS = (
					"$(inherited)",
					"-weak_framework",
					"\"Adobe AIR\"",
				);
				PRODUCT_BUNDLE_IDENTIFIER = com.github.rozd.ANXOpenSSL;
				PRODUCT_NAME = ANXOpenSSL;
				PROVISIONING_PROFILE_SPECIFIER = "";
				SDKROOT = macosx;
				SKIP_INSTALL = NO;
				VERSIONING_SYSTEM = "apple-generic";
				VERSION_INFO_PREFIX = "";
			};
			name = Debug;
		};
		5087A43823959CBB006C153D /* Release */ = {
			isa = XCBuildConfiguration;
			baseConfigurationReference = 36ACEFF7DF1C36863F772D47 /* Pods-ANXOpenSSL-macOS.release.xcconfig */;
			buildSettings = {
				ALWAYS_SEARCH_USER_PATHS = NO;
				CLANG_ANALYZER_NONNULL = YES;
				CLANG_ANALYZER_NUMBER_OBJECT_CONVERSION = YES_AGGRESSIVE;
				CLANG_CXX_LANGUAGE_STANDARD = "gnu++14";
				CLANG_CXX_LIBRARY = "libc++";
				CLANG_ENABLE_MODULES = YES;
				CLANG_ENABLE_OBJC_ARC = YES;
				CLANG_ENABLE_OBJC_WEAK = YES;
				CLANG_WARN_BLOCK_CAPTURE_AUTORELEASING = YES;
				CLANG_WARN_BOOL_CONVERSION = YES;
				CLANG_WARN_COMMA = YES;
				CLANG_WARN_CONSTANT_CONVERSION = YES;
				CLANG_WARN_DEPRECATED_OBJC_IMPLEMENTATIONS = YES;
				CLANG_WARN_DIRECT_OBJC_ISA_USAGE = YES_ERROR;
				CLANG_WARN_DOCUMENTATION_COMMENTS = YES;
				CLANG_WARN_EMPTY_BODY = YES;
				CLANG_WARN_ENUM_CONVERSION = YES;
				CLANG_WARN_INFINITE_RECURSION = YES;
				CLANG_WARN_INT_CONVERSION = YES;
				CLANG_WARN_NON_LITERAL_NULL_CONVERSION = YES;
				CLANG_WARN_OBJC_IMPLICIT_RETAIN_SELF = YES;
				CLANG_WARN_OBJC_LITERAL_CONVERSION = YES;
				CLANG_WARN_OBJC_ROOT_CLASS = YES_ERROR;
				CLANG_WARN_RANGE_LOOP_ANALYSIS = YES;
				CLANG_WARN_STRICT_PROTOTYPES = YES;
				CLANG_WARN_SUSPICIOUS_MOVE = YES;
				CLANG_WARN_UNGUARDED_AVAILABILITY = YES_AGGRESSIVE;
				CLANG_WARN_UNREACHABLE_CODE = YES;
				CLANG_WARN__DUPLICATE_METHOD_MATCH = YES;
				CODE_SIGN_STYLE = Manual;
				COMBINE_HIDPI_IMAGES = YES;
				COPY_PHASE_STRIP = NO;
				CURRENT_PROJECT_VERSION = 1;
				DEBUG_INFORMATION_FORMAT = "dwarf-with-dsym";
				DEFINES_MODULE = YES;
				DEVELOPMENT_TEAM = "";
				DYLIB_COMPATIBILITY_VERSION = 1;
				DYLIB_CURRENT_VERSION = 1;
				DYLIB_INSTALL_NAME_BASE = "@rpath";
				ENABLE_NS_ASSERTIONS = NO;
				ENABLE_STRICT_OBJC_MSGSEND = YES;
				FRAMEWORK_SEARCH_PATHS = (
					"$(inherited)",
					"$(PROJECT_DIR)/ANXOpenSSL-macOS",
				);
				GCC_C_LANGUAGE_STANDARD = gnu11;
				GCC_NO_COMMON_BLOCKS = YES;
				GCC_WARN_64_TO_32_BIT_CONVERSION = YES;
				GCC_WARN_ABOUT_RETURN_TYPE = YES_ERROR;
				GCC_WARN_UNDECLARED_SELECTOR = YES;
				GCC_WARN_UNINITIALIZED_AUTOS = YES_AGGRESSIVE;
				GCC_WARN_UNUSED_FUNCTION = YES;
				GCC_WARN_UNUSED_VARIABLE = YES;
				INFOPLIST_FILE = "ANXOpenSSL-macOS/Info.plist";
				INSTALL_PATH = "$(LOCAL_LIBRARY_DIR)/Frameworks";
				LD_RUNPATH_SEARCH_PATHS = (
					"$(inherited)",
					"@executable_path/../Frameworks",
					"@loader_path/Frameworks",
				);
				LIBRARY_SEARCH_PATHS = (
					"$(inherited)",
					"$(PROJECT_DIR)/ANXOpenSSL-macOS/Adobe\\ AIR.framework/Versions/1.0",
					"$(PROJECT_DIR)/ANXOpenSSL-macOS/Adobe\\ AIR.framework/Versions/1.0",
					"$(PROJECT_DIR)/ANXOpenSSL-macOS/Adobe\\ AIR.framework/Versions/1.0",
				);
				MACOSX_DEPLOYMENT_TARGET = 10.9;
				MTL_ENABLE_DEBUG_INFO = NO;
				MTL_FAST_MATH = YES;
				ONLY_ACTIVE_ARCH = NO;
				OTHER_LDFLAGS = (
					"$(inherited)",
					"-weak_framework",
					"\"Adobe AIR\"",
				);
				PRODUCT_BUNDLE_IDENTIFIER = com.github.rozd.ANXOpenSSL;
				PRODUCT_NAME = ANXOpenSSL;
				PROVISIONING_PROFILE_SPECIFIER = "";
				SDKROOT = macosx;
				SKIP_INSTALL = NO;
				VERSIONING_SYSTEM = "apple-generic";
				VERSION_INFO_PREFIX = "";
			};
			name = Release;
		};
		5087A4772397C3DB006C153D /* Debug */ = {
			isa = XCBuildConfiguration;
			baseConfigurationReference = F75D13451E1956114F3582DF /* Pods-ANXOpenSSLTest.debug.xcconfig */;
			buildSettings = {
				ALWAYS_SEARCH_USER_PATHS = NO;
				ASSETCATALOG_COMPILER_APPICON_NAME = AppIcon;
				CLANG_ANALYZER_NONNULL = YES;
				CLANG_ANALYZER_NUMBER_OBJECT_CONVERSION = YES_AGGRESSIVE;
				CLANG_CXX_LANGUAGE_STANDARD = "gnu++14";
				CLANG_CXX_LIBRARY = "libc++";
				CLANG_ENABLE_MODULES = YES;
				CLANG_ENABLE_OBJC_ARC = YES;
				CLANG_ENABLE_OBJC_WEAK = YES;
				CLANG_WARN_BLOCK_CAPTURE_AUTORELEASING = YES;
				CLANG_WARN_BOOL_CONVERSION = YES;
				CLANG_WARN_COMMA = YES;
				CLANG_WARN_CONSTANT_CONVERSION = YES;
				CLANG_WARN_DEPRECATED_OBJC_IMPLEMENTATIONS = YES;
				CLANG_WARN_DIRECT_OBJC_ISA_USAGE = YES_ERROR;
				CLANG_WARN_DOCUMENTATION_COMMENTS = YES;
				CLANG_WARN_EMPTY_BODY = YES;
				CLANG_WARN_ENUM_CONVERSION = YES;
				CLANG_WARN_INFINITE_RECURSION = YES;
				CLANG_WARN_INT_CONVERSION = YES;
				CLANG_WARN_NON_LITERAL_NULL_CONVERSION = YES;
				CLANG_WARN_OBJC_IMPLICIT_RETAIN_SELF = YES;
				CLANG_WARN_OBJC_LITERAL_CONVERSION = YES;
				CLANG_WARN_OBJC_ROOT_CLASS = YES_ERROR;
				CLANG_WARN_RANGE_LOOP_ANALYSIS = YES;
				CLANG_WARN_STRICT_PROTOTYPES = YES;
				CLANG_WARN_SUSPICIOUS_MOVE = YES;
				CLANG_WARN_UNGUARDED_AVAILABILITY = YES_AGGRESSIVE;
				CLANG_WARN_UNREACHABLE_CODE = YES;
				CLANG_WARN__DUPLICATE_METHOD_MATCH = YES;
				CODE_SIGN_ENTITLEMENTS = ANXOpenSSLTest/ANXOpenSSLTest.entitlements;
				CODE_SIGN_STYLE = Automatic;
				COMBINE_HIDPI_IMAGES = YES;
				COPY_PHASE_STRIP = NO;
				DEBUG_INFORMATION_FORMAT = dwarf;
				DEVELOPMENT_TEAM = GL9F4DL9W9;
				ENABLE_HARDENED_RUNTIME = YES;
				ENABLE_STRICT_OBJC_MSGSEND = YES;
				ENABLE_TESTABILITY = YES;
				GCC_C_LANGUAGE_STANDARD = gnu11;
				GCC_DYNAMIC_NO_PIC = NO;
				GCC_NO_COMMON_BLOCKS = YES;
				GCC_OPTIMIZATION_LEVEL = 0;
				GCC_PREPROCESSOR_DEFINITIONS = (
					"DEBUG=1",
					"$(inherited)",
				);
				GCC_WARN_64_TO_32_BIT_CONVERSION = YES;
				GCC_WARN_ABOUT_RETURN_TYPE = YES_ERROR;
				GCC_WARN_UNDECLARED_SELECTOR = YES;
				GCC_WARN_UNINITIALIZED_AUTOS = YES_AGGRESSIVE;
				GCC_WARN_UNUSED_FUNCTION = YES;
				GCC_WARN_UNUSED_VARIABLE = YES;
				INFOPLIST_FILE = ANXOpenSSLTest/Info.plist;
				LD_RUNPATH_SEARCH_PATHS = (
					"$(inherited)",
					"@executable_path/../Frameworks",
				);
				MACOSX_DEPLOYMENT_TARGET = 10.15;
				MTL_ENABLE_DEBUG_INFO = INCLUDE_SOURCE;
				MTL_FAST_MATH = YES;
				ONLY_ACTIVE_ARCH = YES;
				PRODUCT_BUNDLE_IDENTIFIER = com.github.airext.ANXOpenSSLTest;
				PRODUCT_NAME = "$(TARGET_NAME)";
				SDKROOT = macosx;
			};
			name = Debug;
		};
		5087A4782397C3DB006C153D /* Release */ = {
			isa = XCBuildConfiguration;
			baseConfigurationReference = 9673B0773E0D3FD594C87C73 /* Pods-ANXOpenSSLTest.release.xcconfig */;
			buildSettings = {
				ALWAYS_SEARCH_USER_PATHS = NO;
				ASSETCATALOG_COMPILER_APPICON_NAME = AppIcon;
				CLANG_ANALYZER_NONNULL = YES;
				CLANG_ANALYZER_NUMBER_OBJECT_CONVERSION = YES_AGGRESSIVE;
				CLANG_CXX_LANGUAGE_STANDARD = "gnu++14";
				CLANG_CXX_LIBRARY = "libc++";
				CLANG_ENABLE_MODULES = YES;
				CLANG_ENABLE_OBJC_ARC = YES;
				CLANG_ENABLE_OBJC_WEAK = YES;
				CLANG_WARN_BLOCK_CAPTURE_AUTORELEASING = YES;
				CLANG_WARN_BOOL_CONVERSION = YES;
				CLANG_WARN_COMMA = YES;
				CLANG_WARN_CONSTANT_CONVERSION = YES;
				CLANG_WARN_DEPRECATED_OBJC_IMPLEMENTATIONS = YES;
				CLANG_WARN_DIRECT_OBJC_ISA_USAGE = YES_ERROR;
				CLANG_WARN_DOCUMENTATION_COMMENTS = YES;
				CLANG_WARN_EMPTY_BODY = YES;
				CLANG_WARN_ENUM_CONVERSION = YES;
				CLANG_WARN_INFINITE_RECURSION = YES;
				CLANG_WARN_INT_CONVERSION = YES;
				CLANG_WARN_NON_LITERAL_NULL_CONVERSION = YES;
				CLANG_WARN_OBJC_IMPLICIT_RETAIN_SELF = YES;
				CLANG_WARN_OBJC_LITERAL_CONVERSION = YES;
				CLANG_WARN_OBJC_ROOT_CLASS = YES_ERROR;
				CLANG_WARN_RANGE_LOOP_ANALYSIS = YES;
				CLANG_WARN_STRICT_PROTOTYPES = YES;
				CLANG_WARN_SUSPICIOUS_MOVE = YES;
				CLANG_WARN_UNGUARDED_AVAILABILITY = YES_AGGRESSIVE;
				CLANG_WARN_UNREACHABLE_CODE = YES;
				CLANG_WARN__DUPLICATE_METHOD_MATCH = YES;
				CODE_SIGN_ENTITLEMENTS = ANXOpenSSLTest/ANXOpenSSLTest.entitlements;
				CODE_SIGN_STYLE = Automatic;
				COMBINE_HIDPI_IMAGES = YES;
				COPY_PHASE_STRIP = NO;
				DEBUG_INFORMATION_FORMAT = "dwarf-with-dsym";
				DEVELOPMENT_TEAM = GL9F4DL9W9;
				ENABLE_HARDENED_RUNTIME = YES;
				ENABLE_NS_ASSERTIONS = NO;
				ENABLE_STRICT_OBJC_MSGSEND = YES;
				GCC_C_LANGUAGE_STANDARD = gnu11;
				GCC_NO_COMMON_BLOCKS = YES;
				GCC_WARN_64_TO_32_BIT_CONVERSION = YES;
				GCC_WARN_ABOUT_RETURN_TYPE = YES_ERROR;
				GCC_WARN_UNDECLARED_SELECTOR = YES;
				GCC_WARN_UNINITIALIZED_AUTOS = YES_AGGRESSIVE;
				GCC_WARN_UNUSED_FUNCTION = YES;
				GCC_WARN_UNUSED_VARIABLE = YES;
				INFOPLIST_FILE = ANXOpenSSLTest/Info.plist;
				LD_RUNPATH_SEARCH_PATHS = (
					"$(inherited)",
					"@executable_path/../Frameworks",
				);
				MACOSX_DEPLOYMENT_TARGET = 10.15;
				MTL_ENABLE_DEBUG_INFO = NO;
				MTL_FAST_MATH = YES;
				PRODUCT_BUNDLE_IDENTIFIER = com.github.airext.ANXOpenSSLTest;
				PRODUCT_NAME = "$(TARGET_NAME)";
				SDKROOT = macosx;
			};
			name = Release;
		};
/* End XCBuildConfiguration section */

/* Begin XCConfigurationList section */
		5087A3FA239581A4006C153D /* Build configuration list for PBXProject "OpenSSL" */ = {
			isa = XCConfigurationList;
			buildConfigurations = (
				5087A3FB239581A4006C153D /* Debug */,
				5087A3FC239581A4006C153D /* Release */,
			);
			defaultConfigurationIsVisible = 0;
			defaultConfigurationName = Release;
		};
		5087A41023958483006C153D /* Build configuration list for PBXNativeTarget "ANXOpenSSL-iOS" */ = {
			isa = XCConfigurationList;
			buildConfigurations = (
				5087A41123958483006C153D /* Debug */,
				5087A41223958483006C153D /* Release */,
			);
			defaultConfigurationIsVisible = 0;
			defaultConfigurationName = Release;
		};
		5087A43923959CBB006C153D /* Build configuration list for PBXNativeTarget "ANXOpenSSL-macOS" */ = {
			isa = XCConfigurationList;
			buildConfigurations = (
				5087A43723959CBB006C153D /* Debug */,
				5087A43823959CBB006C153D /* Release */,
			);
			defaultConfigurationIsVisible = 0;
			defaultConfigurationName = Release;
		};
		5087A4792397C3DB006C153D /* Build configuration list for PBXNativeTarget "ANXOpenSSLTest" */ = {
			isa = XCConfigurationList;
			buildConfigurations = (
				5087A4772397C3DB006C153D /* Debug */,
				5087A4782397C3DB006C153D /* Release */,
			);
			defaultConfigurationIsVisible = 0;
			defaultConfigurationName = Release;
		};
/* End XCConfigurationList section */
	};
	rootObject = 5087A3F7239581A4006C153D /* Project object */;
}
